// !$*UTF8*$!
{
	archiveVersion = 1;
	classes = {
	};
	objectVersion = 55;
	objects = {

/* Begin PBXBuildFile section */
		8A989201286C298B00741333 /* SwiftUITutorialApp.swift in Sources */ = {isa = PBXBuildFile; fileRef = 8A989200286C298B00741333 /* SwiftUITutorialApp.swift */; };
		8A989203286C298B00741333 /* ContentView.swift in Sources */ = {isa = PBXBuildFile; fileRef = 8A989202286C298B00741333 /* ContentView.swift */; };
		8A989205286C299500741333 /* Assets.xcassets in Resources */ = {isa = PBXBuildFile; fileRef = 8A989204286C299500741333 /* Assets.xcassets */; };
		8A989208286C299500741333 /* Preview Assets.xcassets in Resources */ = {isa = PBXBuildFile; fileRef = 8A989207286C299500741333 /* Preview Assets.xcassets */; };
		8A98920F286C2D8900741333 /* CircleImage.swift in Sources */ = {isa = PBXBuildFile; fileRef = 8A98920E286C2D8900741333 /* CircleImage.swift */; };
		8A989211286C2E2700741333 /* MapView.swift in Sources */ = {isa = PBXBuildFile; fileRef = 8A989210286C2E2700741333 /* MapView.swift */; };
		8A989213286C316600741333 /* Landmark.swift in Sources */ = {isa = PBXBuildFile; fileRef = 8A989212286C316600741333 /* Landmark.swift */; };
		8A989215286C31B500741333 /* landmarkData.json in Resources */ = {isa = PBXBuildFile; fileRef = 8A989214286C31B500741333 /* landmarkData.json */; };
		8A989217286C328F00741333 /* ModelData.swift in Sources */ = {isa = PBXBuildFile; fileRef = 8A989216286C328F00741333 /* ModelData.swift */; };
		8A98921C286C341400741333 /* LandmarkRow.swift in Sources */ = {isa = PBXBuildFile; fileRef = 8A98921B286C341400741333 /* LandmarkRow.swift */; };
		8A98921E286C35C100741333 /* LandmarkList.swift in Sources */ = {isa = PBXBuildFile; fileRef = 8A98921D286C35C100741333 /* LandmarkList.swift */; };
		8A989220286C3D4600741333 /* LandmarkDetail.swift in Sources */ = {isa = PBXBuildFile; fileRef = 8A98921F286C3D4600741333 /* LandmarkDetail.swift */; };
		8A989222286C4A4F00741333 /* FavoriteButton.swift in Sources */ = {isa = PBXBuildFile; fileRef = 8A989221286C4A4F00741333 /* FavoriteButton.swift */; };
		8A989226286C4E7F00741333 /* HexagonParamerets.swift in Sources */ = {isa = PBXBuildFile; fileRef = 8A989225286C4E7F00741333 /* HexagonParamerets.swift */; };
		8A989228286C4F0100741333 /* BadgeBackground.swift in Sources */ = {isa = PBXBuildFile; fileRef = 8A989227286C4F0100741333 /* BadgeBackground.swift */; };
		8A98922A286C575400741333 /* BadgeSymbol.swift in Sources */ = {isa = PBXBuildFile; fileRef = 8A989229286C575400741333 /* BadgeSymbol.swift */; };
		8A98922C286C579600741333 /* RotatedBadgeSymbol.swift in Sources */ = {isa = PBXBuildFile; fileRef = 8A98922B286C579600741333 /* RotatedBadgeSymbol.swift */; };
		8A98922E286C57B600741333 /* Badge.swift in Sources */ = {isa = PBXBuildFile; fileRef = 8A98922D286C57B600741333 /* Badge.swift */; };
		8A989231286C61BC00741333 /* hikeData.json in Resources */ = {isa = PBXBuildFile; fileRef = 8A989230286C61BC00741333 /* hikeData.json */; };
		8A989233286C61D500741333 /* Hike.swift in Sources */ = {isa = PBXBuildFile; fileRef = 8A989232286C61D500741333 /* Hike.swift */; };
		8A98923B286C625C00741333 /* GraphCapsule.swift in Sources */ = {isa = PBXBuildFile; fileRef = 8A989237286C625C00741333 /* GraphCapsule.swift */; };
		8A98923C286C625C00741333 /* HikeGraph.swift in Sources */ = {isa = PBXBuildFile; fileRef = 8A989238286C625C00741333 /* HikeGraph.swift */; };
		8A98923D286C625C00741333 /* HikeDetail.swift in Sources */ = {isa = PBXBuildFile; fileRef = 8A989239286C625C00741333 /* HikeDetail.swift */; };
		8A98923E286C625C00741333 /* HikeView.swift in Sources */ = {isa = PBXBuildFile; fileRef = 8A98923A286C625C00741333 /* HikeView.swift */; };
		8A989241286C670C00741333 /* CategoryHome.swift in Sources */ = {isa = PBXBuildFile; fileRef = 8A989240286C670C00741333 /* CategoryHome.swift */; };
		8A989243286C68B100741333 /* CategoryRow.swift in Sources */ = {isa = PBXBuildFile; fileRef = 8A989242286C68B100741333 /* CategoryRow.swift */; };
		8A989245286C6FAF00741333 /* CategoryItem.swift in Sources */ = {isa = PBXBuildFile; fileRef = 8A989244286C6FAF00741333 /* CategoryItem.swift */; };
		8A989247286C740E00741333 /* Profile.swift in Sources */ = {isa = PBXBuildFile; fileRef = 8A989246286C740E00741333 /* Profile.swift */; };
		8A98924A286C743700741333 /* ProfileHost.swift in Sources */ = {isa = PBXBuildFile; fileRef = 8A989249286C743700741333 /* ProfileHost.swift */; };
		8A98924C286C749800741333 /* ProfileSummary.swift in Sources */ = {isa = PBXBuildFile; fileRef = 8A98924B286C749800741333 /* ProfileSummary.swift */; };
		8A98924E286C752000741333 /* HikeBadge.swift in Sources */ = {isa = PBXBuildFile; fileRef = 8A98924D286C752000741333 /* HikeBadge.swift */; };
		8A989250286C781F00741333 /* ProfileEditor.swift in Sources */ = {isa = PBXBuildFile; fileRef = 8A98924F286C781F00741333 /* ProfileEditor.swift */; };
		8A989253286C839900741333 /* PageViewController.swift in Sources */ = {isa = PBXBuildFile; fileRef = 8A989252286C839900741333 /* PageViewController.swift */; };
		8A989255286D76D600741333 /* FeatureCard.swift in Sources */ = {isa = PBXBuildFile; fileRef = 8A989254286D76D600741333 /* FeatureCard.swift */; };
		8A989257286D782300741333 /* PageView.swift in Sources */ = {isa = PBXBuildFile; fileRef = 8A989256286D782300741333 /* PageView.swift */; };
		8A989259286D7DD200741333 /* PageControl.swift in Sources */ = {isa = PBXBuildFile; fileRef = 8A989258286D7DD200741333 /* PageControl.swift */; };
/* End PBXBuildFile section */

/* Begin PBXFileReference section */
		8A9891FD286C298B00741333 /* SwiftUITutorial.app */ = {isa = PBXFileReference; explicitFileType = wrapper.application; includeInIndex = 0; path = SwiftUITutorial.app; sourceTree = BUILT_PRODUCTS_DIR; };
		8A989200286C298B00741333 /* SwiftUITutorialApp.swift */ = {isa = PBXFileReference; lastKnownFileType = sourcecode.swift; path = SwiftUITutorialApp.swift; sourceTree = "<group>"; };
		8A989202286C298B00741333 /* ContentView.swift */ = {isa = PBXFileReference; lastKnownFileType = sourcecode.swift; path = ContentView.swift; sourceTree = "<group>"; };
		8A989204286C299500741333 /* Assets.xcassets */ = {isa = PBXFileReference; lastKnownFileType = folder.assetcatalog; path = Assets.xcassets; sourceTree = "<group>"; };
		8A989207286C299500741333 /* Preview Assets.xcassets */ = {isa = PBXFileReference; lastKnownFileType = folder.assetcatalog; path = "Preview Assets.xcassets"; sourceTree = "<group>"; };
		8A98920E286C2D8900741333 /* CircleImage.swift */ = {isa = PBXFileReference; lastKnownFileType = sourcecode.swift; path = CircleImage.swift; sourceTree = "<group>"; };
		8A989210286C2E2700741333 /* MapView.swift */ = {isa = PBXFileReference; lastKnownFileType = sourcecode.swift; path = MapView.swift; sourceTree = "<group>"; };
		8A989212286C316600741333 /* Landmark.swift */ = {isa = PBXFileReference; lastKnownFileType = sourcecode.swift; path = Landmark.swift; sourceTree = "<group>"; };
		8A989214286C31B500741333 /* landmarkData.json */ = {isa = PBXFileReference; fileEncoding = 4; lastKnownFileType = text.json; path = landmarkData.json; sourceTree = "<group>"; };
		8A989216286C328F00741333 /* ModelData.swift */ = {isa = PBXFileReference; lastKnownFileType = sourcecode.swift; path = ModelData.swift; sourceTree = "<group>"; };
		8A98921B286C341400741333 /* LandmarkRow.swift */ = {isa = PBXFileReference; lastKnownFileType = sourcecode.swift; path = LandmarkRow.swift; sourceTree = "<group>"; };
		8A98921D286C35C100741333 /* LandmarkList.swift */ = {isa = PBXFileReference; lastKnownFileType = sourcecode.swift; path = LandmarkList.swift; sourceTree = "<group>"; };
		8A98921F286C3D4600741333 /* LandmarkDetail.swift */ = {isa = PBXFileReference; lastKnownFileType = sourcecode.swift; path = LandmarkDetail.swift; sourceTree = "<group>"; };
		8A989221286C4A4F00741333 /* FavoriteButton.swift */ = {isa = PBXFileReference; lastKnownFileType = sourcecode.swift; path = FavoriteButton.swift; sourceTree = "<group>"; };
		8A989225286C4E7F00741333 /* HexagonParamerets.swift */ = {isa = PBXFileReference; lastKnownFileType = sourcecode.swift; path = HexagonParamerets.swift; sourceTree = "<group>"; };
		8A989227286C4F0100741333 /* BadgeBackground.swift */ = {isa = PBXFileReference; lastKnownFileType = sourcecode.swift; path = BadgeBackground.swift; sourceTree = "<group>"; };
		8A989229286C575400741333 /* BadgeSymbol.swift */ = {isa = PBXFileReference; lastKnownFileType = sourcecode.swift; path = BadgeSymbol.swift; sourceTree = "<group>"; };
		8A98922B286C579600741333 /* RotatedBadgeSymbol.swift */ = {isa = PBXFileReference; lastKnownFileType = sourcecode.swift; path = RotatedBadgeSymbol.swift; sourceTree = "<group>"; };
		8A98922D286C57B600741333 /* Badge.swift */ = {isa = PBXFileReference; lastKnownFileType = sourcecode.swift; path = Badge.swift; sourceTree = "<group>"; };
		8A989230286C61BC00741333 /* hikeData.json */ = {isa = PBXFileReference; fileEncoding = 4; lastKnownFileType = text.json; path = hikeData.json; sourceTree = "<group>"; };
		8A989232286C61D500741333 /* Hike.swift */ = {isa = PBXFileReference; lastKnownFileType = sourcecode.swift; path = Hike.swift; sourceTree = "<group>"; };
		8A989237286C625C00741333 /* GraphCapsule.swift */ = {isa = PBXFileReference; fileEncoding = 4; lastKnownFileType = sourcecode.swift; path = GraphCapsule.swift; sourceTree = "<group>"; };
		8A989238286C625C00741333 /* HikeGraph.swift */ = {isa = PBXFileReference; fileEncoding = 4; lastKnownFileType = sourcecode.swift; path = HikeGraph.swift; sourceTree = "<group>"; };
		8A989239286C625C00741333 /* HikeDetail.swift */ = {isa = PBXFileReference; fileEncoding = 4; lastKnownFileType = sourcecode.swift; path = HikeDetail.swift; sourceTree = "<group>"; };
		8A98923A286C625C00741333 /* HikeView.swift */ = {isa = PBXFileReference; fileEncoding = 4; lastKnownFileType = sourcecode.swift; path = HikeView.swift; sourceTree = "<group>"; };
		8A989240286C670C00741333 /* CategoryHome.swift */ = {isa = PBXFileReference; lastKnownFileType = sourcecode.swift; path = CategoryHome.swift; sourceTree = "<group>"; };
		8A989242286C68B100741333 /* CategoryRow.swift */ = {isa = PBXFileReference; lastKnownFileType = sourcecode.swift; path = CategoryRow.swift; sourceTree = "<group>"; };
		8A989244286C6FAF00741333 /* CategoryItem.swift */ = {isa = PBXFileReference; lastKnownFileType = sourcecode.swift; path = CategoryItem.swift; sourceTree = "<group>"; };
		8A989246286C740E00741333 /* Profile.swift */ = {isa = PBXFileReference; lastKnownFileType = sourcecode.swift; path = Profile.swift; sourceTree = "<group>"; };
		8A989249286C743700741333 /* ProfileHost.swift */ = {isa = PBXFileReference; lastKnownFileType = sourcecode.swift; path = ProfileHost.swift; sourceTree = "<group>"; };
		8A98924B286C749800741333 /* ProfileSummary.swift */ = {isa = PBXFileReference; lastKnownFileType = sourcecode.swift; path = ProfileSummary.swift; sourceTree = "<group>"; };
		8A98924D286C752000741333 /* HikeBadge.swift */ = {isa = PBXFileReference; lastKnownFileType = sourcecode.swift; path = HikeBadge.swift; sourceTree = "<group>"; };
		8A98924F286C781F00741333 /* ProfileEditor.swift */ = {isa = PBXFileReference; lastKnownFileType = sourcecode.swift; path = ProfileEditor.swift; sourceTree = "<group>"; };
		8A989252286C839900741333 /* PageViewController.swift */ = {isa = PBXFileReference; lastKnownFileType = sourcecode.swift; path = PageViewController.swift; sourceTree = "<group>"; };
		8A989254286D76D600741333 /* FeatureCard.swift */ = {isa = PBXFileReference; lastKnownFileType = sourcecode.swift; path = FeatureCard.swift; sourceTree = "<group>"; };
		8A989256286D782300741333 /* PageView.swift */ = {isa = PBXFileReference; lastKnownFileType = sourcecode.swift; path = PageView.swift; sourceTree = "<group>"; };
		8A989258286D7DD200741333 /* PageControl.swift */ = {isa = PBXFileReference; lastKnownFileType = sourcecode.swift; path = PageControl.swift; sourceTree = "<group>"; };
/* End PBXFileReference section */

/* Begin PBXFrameworksBuildPhase section */
		8A9891FA286C298B00741333 /* Frameworks */ = {
			isa = PBXFrameworksBuildPhase;
			buildActionMask = 2147483647;
			files = (
			);
			runOnlyForDeploymentPostprocessing = 0;
		};
/* End PBXFrameworksBuildPhase section */

/* Begin PBXGroup section */
		8A9891F4286C298B00741333 = {
			isa = PBXGroup;
			children = (
				8A9891FF286C298B00741333 /* SwiftUITutorial */,
				8A9891FE286C298B00741333 /* Products */,
			);
			sourceTree = "<group>";
		};
		8A9891FE286C298B00741333 /* Products */ = {
			isa = PBXGroup;
			children = (
				8A9891FD286C298B00741333 /* SwiftUITutorial.app */,
			);
			name = Products;
			sourceTree = "<group>";
		};
		8A9891FF286C298B00741333 /* SwiftUITutorial */ = {
			isa = PBXGroup;
			children = (
				8A989218286C338D00741333 /* Views */,
				8A98921A286C33B600741333 /* Model */,
				8A989219286C33AD00741333 /* Resources */,
				8A989200286C298B00741333 /* SwiftUITutorialApp.swift */,
				8A989204286C299500741333 /* Assets.xcassets */,
				8A989206286C299500741333 /* Preview Content */,
			);
			path = SwiftUITutorial;
			sourceTree = "<group>";
		};
		8A989206286C299500741333 /* Preview Content */ = {
			isa = PBXGroup;
			children = (
				8A989207286C299500741333 /* Preview Assets.xcassets */,
			);
			path = "Preview Content";
			sourceTree = "<group>";
		};
		8A989218286C338D00741333 /* Views */ = {
			isa = PBXGroup;
			children = (
				8A989202286C298B00741333 /* ContentView.swift */,
				8A989251286C837600741333 /* PageView */,
				8A989248286C742400741333 /* Profiles */,
				8A98923F286C66EF00741333 /* Categories */,
				8A989236286C625C00741333 /* Hikes */,
				8A989223286C4AB300741333 /* Landmarks */,
				8A989224286C4ABB00741333 /* Helpers */,
				8A98922F286C586C00741333 /* Badges */,
				8A989254286D76D600741333 /* FeatureCard.swift */,
				8A989256286D782300741333 /* PageView.swift */,
				8A989258286D7DD200741333 /* PageControl.swift */,
			);
			path = Views;
			sourceTree = "<group>";
		};
		8A989219286C33AD00741333 /* Resources */ = {
			isa = PBXGroup;
			children = (
				8A989230286C61BC00741333 /* hikeData.json */,
				8A989214286C31B500741333 /* landmarkData.json */,
			);
			path = Resources;
			sourceTree = "<group>";
		};
		8A98921A286C33B600741333 /* Model */ = {
			isa = PBXGroup;
			children = (
				8A989212286C316600741333 /* Landmark.swift */,
				8A989216286C328F00741333 /* ModelData.swift */,
				8A989232286C61D500741333 /* Hike.swift */,
				8A989246286C740E00741333 /* Profile.swift */,
			);
			path = Model;
			sourceTree = "<group>";
		};
		8A989223286C4AB300741333 /* Landmarks */ = {
			isa = PBXGroup;
			children = (
				8A98921B286C341400741333 /* LandmarkRow.swift */,
				8A98921D286C35C100741333 /* LandmarkList.swift */,
				8A98921F286C3D4600741333 /* LandmarkDetail.swift */,
			);
			path = Landmarks;
			sourceTree = "<group>";
		};
		8A989224286C4ABB00741333 /* Helpers */ = {
			isa = PBXGroup;
			children = (
				8A98920E286C2D8900741333 /* CircleImage.swift */,
				8A989210286C2E2700741333 /* MapView.swift */,
				8A989221286C4A4F00741333 /* FavoriteButton.swift */,
			);
			path = Helpers;
			sourceTree = "<group>";
		};
		8A98922F286C586C00741333 /* Badges */ = {
			isa = PBXGroup;
			children = (
				8A989225286C4E7F00741333 /* HexagonParamerets.swift */,
				8A989227286C4F0100741333 /* BadgeBackground.swift */,
				8A989229286C575400741333 /* BadgeSymbol.swift */,
				8A98922B286C579600741333 /* RotatedBadgeSymbol.swift */,
				8A98922D286C57B600741333 /* Badge.swift */,
			);
			path = Badges;
			sourceTree = "<group>";
		};
		8A989236286C625C00741333 /* Hikes */ = {
			isa = PBXGroup;
			children = (
				8A989237286C625C00741333 /* GraphCapsule.swift */,
				8A989238286C625C00741333 /* HikeGraph.swift */,
				8A989239286C625C00741333 /* HikeDetail.swift */,
				8A98923A286C625C00741333 /* HikeView.swift */,
				8A98924D286C752000741333 /* HikeBadge.swift */,
			);
			path = Hikes;
			sourceTree = "<group>";
		};
		8A98923F286C66EF00741333 /* Categories */ = {
			isa = PBXGroup;
			children = (
				8A989240286C670C00741333 /* CategoryHome.swift */,
				8A989242286C68B100741333 /* CategoryRow.swift */,
				8A989244286C6FAF00741333 /* CategoryItem.swift */,
			);
			path = Categories;
			sourceTree = "<group>";
		};
		8A989248286C742400741333 /* Profiles */ = {
			isa = PBXGroup;
			children = (
				8A989249286C743700741333 /* ProfileHost.swift */,
				8A98924B286C749800741333 /* ProfileSummary.swift */,
				8A98924F286C781F00741333 /* ProfileEditor.swift */,
			);
			path = Profiles;
			sourceTree = "<group>";
		};
		8A989251286C837600741333 /* PageView */ = {
			isa = PBXGroup;
			children = (
				8A989252286C839900741333 /* PageViewController.swift */,
			);
			path = PageView;
			sourceTree = "<group>";
		};
/* End PBXGroup section */

/* Begin PBXNativeTarget section */
		8A9891FC286C298B00741333 /* SwiftUITutorial */ = {
			isa = PBXNativeTarget;
			buildConfigurationList = 8A98920B286C299500741333 /* Build configuration list for PBXNativeTarget "SwiftUITutorial" */;
			buildPhases = (
				8A9891F9286C298B00741333 /* Sources */,
				8A9891FA286C298B00741333 /* Frameworks */,
				8A9891FB286C298B00741333 /* Resources */,
			);
			buildRules = (
			);
			dependencies = (
			);
			name = SwiftUITutorial;
			productName = SwiftUITutorial;
			productReference = 8A9891FD286C298B00741333 /* SwiftUITutorial.app */;
			productType = "com.apple.product-type.application";
		};
/* End PBXNativeTarget section */

/* Begin PBXProject section */
		8A9891F5286C298B00741333 /* Project object */ = {
			isa = PBXProject;
			attributes = {
				BuildIndependentTargetsInParallel = 1;
				LastSwiftUpdateCheck = 1340;
				LastUpgradeCheck = 1340;
				TargetAttributes = {
					8A9891FC286C298B00741333 = {
						CreatedOnToolsVersion = 13.4.1;
					};
				};
			};
			buildConfigurationList = 8A9891F8286C298B00741333 /* Build configuration list for PBXProject "SwiftUITutorial" */;
			compatibilityVersion = "Xcode 13.0";
			developmentRegion = en;
			hasScannedForEncodings = 0;
			knownRegions = (
				en,
				Base,
			);
			mainGroup = 8A9891F4286C298B00741333;
			productRefGroup = 8A9891FE286C298B00741333 /* Products */;
			projectDirPath = "";
			projectRoot = "";
			targets = (
				8A9891FC286C298B00741333 /* SwiftUITutorial */,
			);
		};
/* End PBXProject section */

/* Begin PBXResourcesBuildPhase section */
		8A9891FB286C298B00741333 /* Resources */ = {
			isa = PBXResourcesBuildPhase;
			buildActionMask = 2147483647;
			files = (
				8A989231286C61BC00741333 /* hikeData.json in Resources */,
				8A989208286C299500741333 /* Preview Assets.xcassets in Resources */,
				8A989205286C299500741333 /* Assets.xcassets in Resources */,
				8A989215286C31B500741333 /* landmarkData.json in Resources */,
			);
			runOnlyForDeploymentPostprocessing = 0;
		};
/* End PBXResourcesBuildPhase section */

/* Begin PBXSourcesBuildPhase section */
		8A9891F9286C298B00741333 /* Sources */ = {
			isa = PBXSourcesBuildPhase;
			buildActionMask = 2147483647;
			files = (
				8A989243286C68B100741333 /* CategoryRow.swift in Sources */,
				8A989247286C740E00741333 /* Profile.swift in Sources */,
				8A989203286C298B00741333 /* ContentView.swift in Sources */,
				8A989241286C670C00741333 /* CategoryHome.swift in Sources */,
				8A989255286D76D600741333 /* FeatureCard.swift in Sources */,
				8A98923C286C625C00741333 /* HikeGraph.swift in Sources */,
				8A98922E286C57B600741333 /* Badge.swift in Sources */,
				8A989226286C4E7F00741333 /* HexagonParamerets.swift in Sources */,
				8A98923B286C625C00741333 /* GraphCapsule.swift in Sources */,
				8A989211286C2E2700741333 /* MapView.swift in Sources */,
				8A989259286D7DD200741333 /* PageControl.swift in Sources */,
				8A989201286C298B00741333 /* SwiftUITutorialApp.swift in Sources */,
				8A989245286C6FAF00741333 /* CategoryItem.swift in Sources */,
				8A98923D286C625C00741333 /* HikeDetail.swift in Sources */,
				8A98924C286C749800741333 /* ProfileSummary.swift in Sources */,
				8A989222286C4A4F00741333 /* FavoriteButton.swift in Sources */,
				8A98924A286C743700741333 /* ProfileHost.swift in Sources */,
				8A989233286C61D500741333 /* Hike.swift in Sources */,
				8A98922C286C579600741333 /* RotatedBadgeSymbol.swift in Sources */,
				8A989257286D782300741333 /* PageView.swift in Sources */,
				8A98922A286C575400741333 /* BadgeSymbol.swift in Sources */,
				8A989250286C781F00741333 /* ProfileEditor.swift in Sources */,
				8A98921E286C35C100741333 /* LandmarkList.swift in Sources */,
				8A98923E286C625C00741333 /* HikeView.swift in Sources */,
				8A989220286C3D4600741333 /* LandmarkDetail.swift in Sources */,
				8A989253286C839900741333 /* PageViewController.swift in Sources */,
				8A989228286C4F0100741333 /* BadgeBackground.swift in Sources */,
				8A98924E286C752000741333 /* HikeBadge.swift in Sources */,
				8A98920F286C2D8900741333 /* CircleImage.swift in Sources */,
				8A989213286C316600741333 /* Landmark.swift in Sources */,
				8A98921C286C341400741333 /* LandmarkRow.swift in Sources */,
				8A989217286C328F00741333 /* ModelData.swift in Sources */,
			);
			runOnlyForDeploymentPostprocessing = 0;
		};
/* End PBXSourcesBuildPhase section */

/* Begin XCBuildConfiguration section */
		8A989209286C299500741333 /* Debug */ = {
			isa = XCBuildConfiguration;
			buildSettings = {
				ALWAYS_SEARCH_USER_PATHS = NO;
				CLANG_ANALYZER_NONNULL = YES;
				CLANG_ANALYZER_NUMBER_OBJECT_CONVERSION = YES_AGGRESSIVE;
				CLANG_CXX_LANGUAGE_STANDARD = "gnu++17";
				CLANG_ENABLE_MODULES = YES;
				CLANG_ENABLE_OBJC_ARC = YES;
				CLANG_ENABLE_OBJC_WEAK = YES;
				CLANG_WARN_BLOCK_CAPTURE_AUTORELEASING = YES;
				CLANG_WARN_BOOL_CONVERSION = YES;
				CLANG_WARN_COMMA = YES;
				CLANG_WARN_CONSTANT_CONVERSION = YES;
				CLANG_WARN_DEPRECATED_OBJC_IMPLEMENTATIONS = YES;
				CLANG_WARN_DIRECT_OBJC_ISA_USAGE = YES_ERROR;
				CLANG_WARN_DOCUMENTATION_COMMENTS = YES;
				CLANG_WARN_EMPTY_BODY = YES;
				CLANG_WARN_ENUM_CONVERSION = YES;
				CLANG_WARN_INFINITE_RECURSION = YES;
				CLANG_WARN_INT_CONVERSION = YES;
				CLANG_WARN_NON_LITERAL_NULL_CONVERSION = YES;
				CLANG_WARN_OBJC_IMPLICIT_RETAIN_SELF = YES;
				CLANG_WARN_OBJC_LITERAL_CONVERSION = YES;
				CLANG_WARN_OBJC_ROOT_CLASS = YES_ERROR;
				CLANG_WARN_QUOTED_INCLUDE_IN_FRAMEWORK_HEADER = YES;
				CLANG_WARN_RANGE_LOOP_ANALYSIS = YES;
				CLANG_WARN_STRICT_PROTOTYPES = YES;
				CLANG_WARN_SUSPICIOUS_MOVE = YES;
				CLANG_WARN_UNGUARDED_AVAILABILITY = YES_AGGRESSIVE;
				CLANG_WARN_UNREACHABLE_CODE = YES;
				CLANG_WARN__DUPLICATE_METHOD_MATCH = YES;
				COPY_PHASE_STRIP = NO;
				DEBUG_INFORMATION_FORMAT = dwarf;
				ENABLE_STRICT_OBJC_MSGSEND = YES;
				ENABLE_TESTABILITY = YES;
				GCC_C_LANGUAGE_STANDARD = gnu11;
				GCC_DYNAMIC_NO_PIC = NO;
				GCC_NO_COMMON_BLOCKS = YES;
				GCC_OPTIMIZATION_LEVEL = 0;
				GCC_PREPROCESSOR_DEFINITIONS = (
					"DEBUG=1",
					"$(inherited)",
				);
				GCC_WARN_64_TO_32_BIT_CONVERSION = YES;
				GCC_WARN_ABOUT_RETURN_TYPE = YES_ERROR;
				GCC_WARN_UNDECLARED_SELECTOR = YES;
				GCC_WARN_UNINITIALIZED_AUTOS = YES_AGGRESSIVE;
				GCC_WARN_UNUSED_FUNCTION = YES;
				GCC_WARN_UNUSED_VARIABLE = YES;
				IPHONEOS_DEPLOYMENT_TARGET = 15.5;
				MTL_ENABLE_DEBUG_INFO = INCLUDE_SOURCE;
				MTL_FAST_MATH = YES;
				ONLY_ACTIVE_ARCH = YES;
				SDKROOT = iphoneos;
				SWIFT_ACTIVE_COMPILATION_CONDITIONS = DEBUG;
				SWIFT_OPTIMIZATION_LEVEL = "-Onone";
			};
			name = Debug;
		};
		8A98920A286C299500741333 /* Release */ = {
			isa = XCBuildConfiguration;
			buildSettings = {
				ALWAYS_SEARCH_USER_PATHS = NO;
				CLANG_ANALYZER_NONNULL = YES;
				CLANG_ANALYZER_NUMBER_OBJECT_CONVERSION = YES_AGGRESSIVE;
				CLANG_CXX_LANGUAGE_STANDARD = "gnu++17";
				CLANG_ENABLE_MODULES = YES;
				CLANG_ENABLE_OBJC_ARC = YES;
				CLANG_ENABLE_OBJC_WEAK = YES;
				CLANG_WARN_BLOCK_CAPTURE_AUTORELEASING = YES;
				CLANG_WARN_BOOL_CONVERSION = YES;
				CLANG_WARN_COMMA = YES;
				CLANG_WARN_CONSTANT_CONVERSION = YES;
				CLANG_WARN_DEPRECATED_OBJC_IMPLEMENTATIONS = YES;
				CLANG_WARN_DIRECT_OBJC_ISA_USAGE = YES_ERROR;
				CLANG_WARN_DOCUMENTATION_COMMENTS = YES;
				CLANG_WARN_EMPTY_BODY = YES;
				CLANG_WARN_ENUM_CONVERSION = YES;
				CLANG_WARN_INFINITE_RECURSION = YES;
				CLANG_WARN_INT_CONVERSION = YES;
				CLANG_WARN_NON_LITERAL_NULL_CONVERSION = YES;
				CLANG_WARN_OBJC_IMPLICIT_RETAIN_SELF = YES;
				CLANG_WARN_OBJC_LITERAL_CONVERSION = YES;
				CLANG_WARN_OBJC_ROOT_CLASS = YES_ERROR;
				CLANG_WARN_QUOTED_INCLUDE_IN_FRAMEWORK_HEADER = YES;
				CLANG_WARN_RANGE_LOOP_ANALYSIS = YES;
				CLANG_WARN_STRICT_PROTOTYPES = YES;
				CLANG_WARN_SUSPICIOUS_MOVE = YES;
				CLANG_WARN_UNGUARDED_AVAILABILITY = YES_AGGRESSIVE;
				CLANG_WARN_UNREACHABLE_CODE = YES;
				CLANG_WARN__DUPLICATE_METHOD_MATCH = YES;
				COPY_PHASE_STRIP = NO;
				DEBUG_INFORMATION_FORMAT = "dwarf-with-dsym";
				ENABLE_NS_ASSERTIONS = NO;
				ENABLE_STRICT_OBJC_MSGSEND = YES;
				GCC_C_LANGUAGE_STANDARD = gnu11;
				GCC_NO_COMMON_BLOCKS = YES;
				GCC_WARN_64_TO_32_BIT_CONVERSION = YES;
				GCC_WARN_ABOUT_RETURN_TYPE = YES_ERROR;
				GCC_WARN_UNDECLARED_SELECTOR = YES;
				GCC_WARN_UNINITIALIZED_AUTOS = YES_AGGRESSIVE;
				GCC_WARN_UNUSED_FUNCTION = YES;
				GCC_WARN_UNUSED_VARIABLE = YES;
				IPHONEOS_DEPLOYMENT_TARGET = 15.5;
				MTL_ENABLE_DEBUG_INFO = NO;
				MTL_FAST_MATH = YES;
				SDKROOT = iphoneos;
				SWIFT_COMPILATION_MODE = wholemodule;
				SWIFT_OPTIMIZATION_LEVEL = "-O";
				VALIDATE_PRODUCT = YES;
			};
			name = Release;
		};
		8A98920C286C299500741333 /* Debug */ = {
			isa = XCBuildConfiguration;
			buildSettings = {
				ASSETCATALOG_COMPILER_APPICON_NAME = AppIcon;
				ASSETCATALOG_COMPILER_GLOBAL_ACCENT_COLOR_NAME = AccentColor;
				CODE_SIGN_STYLE = Automatic;
				CURRENT_PROJECT_VERSION = 1;
				DEVELOPMENT_ASSET_PATHS = "\"SwiftUITutorial/Preview Content\"";
				DEVELOPMENT_TEAM = 6H593KJHPH;
				ENABLE_PREVIEWS = YES;
				GENERATE_INFOPLIST_FILE = YES;
				INFOPLIST_KEY_UIApplicationSceneManifest_Generation = YES;
				INFOPLIST_KEY_UIApplicationSupportsIndirectInputEvents = YES;
				INFOPLIST_KEY_UILaunchScreen_Generation = YES;
				INFOPLIST_KEY_UISupportedInterfaceOrientations_iPad = "UIInterfaceOrientationPortrait UIInterfaceOrientationPortraitUpsideDown UIInterfaceOrientationLandscapeLeft UIInterfaceOrientationLandscapeRight";
				INFOPLIST_KEY_UISupportedInterfaceOrientations_iPhone = "UIInterfaceOrientationPortrait UIInterfaceOrientationLandscapeLeft UIInterfaceOrientationLandscapeRight";
				LD_RUNPATH_SEARCH_PATHS = (
					"$(inherited)",
					"@executable_path/Frameworks",
				);
				MARKETING_VERSION = 1.0;
				PRODUCT_BUNDLE_IDENTIFIER = com.mhrupacki.swiftui.SwiftUITutorial;
				PRODUCT_NAME = "$(TARGET_NAME)";
				SWIFT_EMIT_LOC_STRINGS = YES;
				SWIFT_VERSION = 5.0;
				TARGETED_DEVICE_FAMILY = "1,2";
			};
			name = Debug;
		};
		8A98920D286C299500741333 /* Release */ = {
			isa = XCBuildConfiguration;
			buildSettings = {
				ASSETCATALOG_COMPILER_APPICON_NAME = AppIcon;
				ASSETCATALOG_COMPILER_GLOBAL_ACCENT_COLOR_NAME = AccentColor;
				CODE_SIGN_STYLE = Automatic;
				CURRENT_PROJECT_VERSION = 1;
				DEVELOPMENT_ASSET_PATHS = "\"SwiftUITutorial/Preview Content\"";
				DEVELOPMENT_TEAM = 6H593KJHPH;
				ENABLE_PREVIEWS = YES;
				GENERATE_INFOPLIST_FILE = YES;
				INFOPLIST_KEY_UIApplicationSceneManifest_Generation = YES;
				INFOPLIST_KEY_UIApplicationSupportsIndirectInputEvents = YES;
				INFOPLIST_KEY_UILaunchScreen_Generation = YES;
				INFOPLIST_KEY_UISupportedInterfaceOrientations_iPad = "UIInterfaceOrientationPortrait UIInterfaceOrientationPortraitUpsideDown UIInterfaceOrientationLandscapeLeft UIInterfaceOrientationLandscapeRight";
				INFOPLIST_KEY_UISupportedInterfaceOrientations_iPhone = "UIInterfaceOrientationPortrait UIInterfaceOrientationLandscapeLeft UIInterfaceOrientationLandscapeRight";
				LD_RUNPATH_SEARCH_PATHS = (
					"$(inherited)",
					"@executable_path/Frameworks",
				);
				MARKETING_VERSION = 1.0;
				PRODUCT_BUNDLE_IDENTIFIER = com.mhrupacki.swiftui.SwiftUITutorial;
				PRODUCT_NAME = "$(TARGET_NAME)";
				SWIFT_EMIT_LOC_STRINGS = YES;
				SWIFT_VERSION = 5.0;
				TARGETED_DEVICE_FAMILY = "1,2";
			};
			name = Release;
		};
/* End XCBuildConfiguration section */

/* Begin XCConfigurationList section */
		8A9891F8286C298B00741333 /* Build configuration list for PBXProject "SwiftUITutorial" */ = {
			isa = XCConfigurationList;
			buildConfigurations = (
				8A989209286C299500741333 /* Debug */,
				8A98920A286C299500741333 /* Release */,
			);
			defaultConfigurationIsVisible = 0;
			defaultConfigurationName = Release;
		};
		8A98920B286C299500741333 /* Build configuration list for PBXNativeTarget "SwiftUITutorial" */ = {
			isa = XCConfigurationList;
			buildConfigurations = (
				8A98920C286C299500741333 /* Debug */,
				8A98920D286C299500741333 /* Release */,
			);
			defaultConfigurationIsVisible = 0;
			defaultConfigurationName = Release;
		};
/* End XCConfigurationList section */
	};
	rootObject = 8A9891F5286C298B00741333 /* Project object */;
}
